PODS:
  - QCAttributedStringBuilder (1.0.0):
    - YYText
  - YYText (1.0.7)

DEPENDENCIES:
  - QCAttributedStringBuilder (from `../`)

SPEC REPOS:
  trunk:
    - YYText

EXTERNAL SOURCES:
  QCAttributedStringBuilder:
    :path: "../"

SPEC CHECKSUMS:
  QCAttributedStringBuilder: 96a2347074710c53afc6b1ff13af877d9475514e
  YYText: 5c461d709e24d55a182d1441c41dc639a18a4849

PODFILE CHECKSUM: 51dd28b5c09cef08b3e198ef62ffb1f4772f94c4

COCOAPODS: 1.12.1
